Microsoft Visual Studio Solution File, Format Version 12.00
# Visual Studio 15
VisualStudioVersion = 15.0.26730.16
MinimumVisualStudioVersion = 10.0.40219.1
Project("{2150E333-8FDC-42A3-9474-1A3956D46DE8}") = "src", "src", "{AFAA0841-BD93-466F-B8F4-FB4EEC86F1FC}"
EndProject
Project("{2150E333-8FDC-42A3-9474-1A3956D46DE8}") = "test", "test", "{F10AA149-2626-486E-85BB-9CD5365F3016}"
EndProject
Project("{9A19103F-16F7-4668-BE54-9A1E7A4F7556}") = "Satrabel.OpenApp.Application", "src\Satrabel.OpenApp.Application\Satrabel.OpenApp.Application.csproj", "{3870C648-4AEA-4B85-BA3F-F2F63B96136A}"
EndProject
Project("{9A19103F-16F7-4668-BE54-9A1E7A4F7556}") = "Satrabel.OpenApp.EntityFramework", "src\Satrabel.OpenApp.EntityFramework\Satrabel.OpenApp.EntityFramework.csproj", "{E0580562-F8F2-4EBB-B07A-ABFC6F2C314F}"
EndProject
Project("{9A19103F-16F7-4668-BE54-9A1E7A4F7556}") = "Satrabel.Starter.Web.Mvc", "src\Satrabel.Starter.Web.Mvc\Satrabel.Starter.Web.Mvc.csproj", "{C6FA13E6-5535-44DA-A157-F8C3C46769A0}"
EndProject
Project("{9A19103F-16F7-4668-BE54-9A1E7A4F7556}") = "Satrabel.OpenApp.Tests", "test\Satrabel.OpenApp.Tests\Satrabel.OpenApp.Tests.csproj", "{032CC8F8-8C9F-43C6-A15A-7A11B31B0236}"
EndProject
Project("{9A19103F-16F7-4668-BE54-9A1E7A4F7556}") = "Satrabel.OpenApp.Domain", "src\Satrabel.OpenApp.Domain\Satrabel.OpenApp.Domain.csproj", "{0417D8AF-5B38-49E0-9A00-A76963EE25D3}"
EndProject
Project("{9A19103F-16F7-4668-BE54-9A1E7A4F7556}") = "Satrabel.OpenApp.Web", "src\Satrabel.OpenApp.Web\Satrabel.OpenApp.Web.csproj", "{CC0B8F51-EB4D-46B3-9109-B2720FB147AF}"
EndProject
Project("{9A19103F-16F7-4668-BE54-9A1E7A4F7556}") = "Satrabel.Starter.Web.Spa", "src\Satrabel.Starter.Web.Spa\Satrabel.Starter.Web.Spa.csproj", "{50F1D80E-3C12-4C83-A646-266D39C9E8BA}"
EndProject
Project("{2150E333-8FDC-42A3-9474-1A3956D46DE8}") = "Abp", "Abp", "{A43FE288-F651-4F45-8468-6ADA1D523EE9}"
EndProject
Project("{9A19103F-16F7-4668-BE54-9A1E7A4F7556}") = "Abp", "..\..\aspboilerplate\src\Abp\Abp.csproj", "{E708E1A9-98EE-445C-8D2D-1BD60FD2B165}"
EndProject
Project("{9A19103F-16F7-4668-BE54-9A1E7A4F7556}") = "Abp.AutoMapper", "..\..\aspboilerplate\src\Abp.AutoMapper\Abp.AutoMapper.csproj", "{567A1B2E-3CD8-4D90-88E6-C5069859F807}"
EndProject
Project("{9A19103F-16F7-4668-BE54-9A1E7A4F7556}") = "Abp.EntityFrameworkCore", "..\..\aspboilerplate\src\Abp.EntityFrameworkCore\Abp.EntityFrameworkCore.csproj", "{D4DE9768-6956-431A-B15B-EFB334EFCC83}"
EndProject
Project("{9A19103F-16F7-4668-BE54-9A1E7A4F7556}") = "Abp.EntityFramework.Common", "..\..\aspboilerplate\src\Abp.EntityFramework.Common\Abp.EntityFramework.Common.csproj", "{16670023-825D-431A-B80C-A69C57B2C334}"
EndProject
Project("{9A19103F-16F7-4668-BE54-9A1E7A4F7556}") = "Abp.ZeroCore.EntityFrameworkCore", "..\..\aspboilerplate\src\Abp.ZeroCore.EntityFrameworkCore\Abp.ZeroCore.EntityFrameworkCore.csproj", "{8009F734-7483-4EF7-917E-2987A44683E6}"
EndProject
Project("{9A19103F-16F7-4668-BE54-9A1E7A4F7556}") = "Abp.ZeroCore", "..\..\aspboilerplate\src\Abp.ZeroCore\Abp.ZeroCore.csproj", "{260EF1C7-D740-4AF8-B812-33125E95FDC7}"
EndProject
Project("{9A19103F-16F7-4668-BE54-9A1E7A4F7556}") = "Abp.Zero.Common", "..\..\aspboilerplate\src\Abp.Zero.Common\Abp.Zero.Common.csproj", "{544B2BF8-1B32-4C2B-BDAC-FB40B1C47EE3}"
EndProject
Project("{9A19103F-16F7-4668-BE54-9A1E7A4F7556}") = "Abp.AspNetCore", "..\..\aspboilerplate\src\Abp.AspNetCore\Abp.AspNetCore.csproj", "{5291A1B4-8BA1-41F0-AB3C-D7B5001FCA96}"
EndProject
Project("{9A19103F-16F7-4668-BE54-9A1E7A4F7556}") = "Abp.Web.Common", "..\..\aspboilerplate\src\Abp.Web.Common\Abp.Web.Common.csproj", "{B91DF255-5919-46BD-87E3-A240A7BC5BED}"
EndProject
Project("{9A19103F-16F7-4668-BE54-9A1E7A4F7556}") = "Abp.MailKit", "..\..\aspboilerplate\src\Abp.MailKit\Abp.MailKit.csproj", "{AB0F7483-E6AF-4172-8804-F46105F9E39E}"
EndProject
Global
	GlobalSection(SolutionConfigurationPlatforms) = preSolution
		Debug|Any CPU = Debug|Any CPU
		Release|Any CPU = Release|Any CPU
	EndGlobalSection
	GlobalSection(ProjectConfigurationPlatforms) = postSolution
		{3870C648-4AEA-4B85-BA3F-F2F63B96136A}.Debug|Any CPU.ActiveCfg = Debug|Any CPU
		{3870C648-4AEA-4B85-BA3F-F2F63B96136A}.Debug|Any CPU.Build.0 = Debug|Any CPU
		{3870C648-4AEA-4B85-BA3F-F2F63B96136A}.Release|Any CPU.ActiveCfg = Release|Any CPU
		{3870C648-4AEA-4B85-BA3F-F2F63B96136A}.Release|Any CPU.Build.0 = Release|Any CPU
		{E0580562-F8F2-4EBB-B07A-ABFC6F2C314F}.Debug|Any CPU.ActiveCfg = Debug|Any CPU
		{E0580562-F8F2-4EBB-B07A-ABFC6F2C314F}.Debug|Any CPU.Build.0 = Debug|Any CPU
		{E0580562-F8F2-4EBB-B07A-ABFC6F2C314F}.Release|Any CPU.ActiveCfg = Release|Any CPU
		{E0580562-F8F2-4EBB-B07A-ABFC6F2C314F}.Release|Any CPU.Build.0 = Release|Any CPU
		{C6FA13E6-5535-44DA-A157-F8C3C46769A0}.Debug|Any CPU.ActiveCfg = Debug|Any CPU
		{C6FA13E6-5535-44DA-A157-F8C3C46769A0}.Debug|Any CPU.Build.0 = Debug|Any CPU
		{C6FA13E6-5535-44DA-A157-F8C3C46769A0}.Release|Any CPU.ActiveCfg = Release|Any CPU
		{C6FA13E6-5535-44DA-A157-F8C3C46769A0}.Release|Any CPU.Build.0 = Release|Any CPU
		{032CC8F8-8C9F-43C6-A15A-7A11B31B0236}.Debug|Any CPU.ActiveCfg = Debug|Any CPU
		{032CC8F8-8C9F-43C6-A15A-7A11B31B0236}.Debug|Any CPU.Build.0 = Debug|Any CPU
		{032CC8F8-8C9F-43C6-A15A-7A11B31B0236}.Release|Any CPU.ActiveCfg = Release|Any CPU
		{032CC8F8-8C9F-43C6-A15A-7A11B31B0236}.Release|Any CPU.Build.0 = Release|Any CPU
		{0417D8AF-5B38-49E0-9A00-A76963EE25D3}.Debug|Any CPU.ActiveCfg = Debug|Any CPU
		{0417D8AF-5B38-49E0-9A00-A76963EE25D3}.Debug|Any CPU.Build.0 = Debug|Any CPU
		{0417D8AF-5B38-49E0-9A00-A76963EE25D3}.Release|Any CPU.ActiveCfg = Release|Any CPU
		{0417D8AF-5B38-49E0-9A00-A76963EE25D3}.Release|Any CPU.Build.0 = Release|Any CPU
		{CC0B8F51-EB4D-46B3-9109-B2720FB147AF}.Debug|Any CPU.ActiveCfg = Debug|Any CPU
		{CC0B8F51-EB4D-46B3-9109-B2720FB147AF}.Debug|Any CPU.Build.0 = Debug|Any CPU
		{CC0B8F51-EB4D-46B3-9109-B2720FB147AF}.Release|Any CPU.ActiveCfg = Release|Any CPU
		{CC0B8F51-EB4D-46B3-9109-B2720FB147AF}.Release|Any CPU.Build.0 = Release|Any CPU
		{50F1D80E-3C12-4C83-A646-266D39C9E8BA}.Debug|Any CPU.ActiveCfg = Debug|Any CPU
		{50F1D80E-3C12-4C83-A646-266D39C9E8BA}.Debug|Any CPU.Build.0 = Debug|Any CPU
		{50F1D80E-3C12-4C83-A646-266D39C9E8BA}.Release|Any CPU.ActiveCfg = Release|Any CPU
		{50F1D80E-3C12-4C83-A646-266D39C9E8BA}.Release|Any CPU.Build.0 = Release|Any CPU
		{E708E1A9-98EE-445C-8D2D-1BD60FD2B165}.Debug|Any CPU.ActiveCfg = Debug|Any CPU
		{E708E1A9-98EE-445C-8D2D-1BD60FD2B165}.Debug|Any CPU.Build.0 = Debug|Any CPU
		{E708E1A9-98EE-445C-8D2D-1BD60FD2B165}.Release|Any CPU.ActiveCfg = Release|Any CPU
		{E708E1A9-98EE-445C-8D2D-1BD60FD2B165}.Release|Any CPU.Build.0 = Release|Any CPU
		{567A1B2E-3CD8-4D90-88E6-C5069859F807}.Debug|Any CPU.ActiveCfg = Debug|Any CPU
		{567A1B2E-3CD8-4D90-88E6-C5069859F807}.Debug|Any CPU.Build.0 = Debug|Any CPU
		{567A1B2E-3CD8-4D90-88E6-C5069859F807}.Release|Any CPU.ActiveCfg = Release|Any CPU
		{567A1B2E-3CD8-4D90-88E6-C5069859F807}.Release|Any CPU.Build.0 = Release|Any CPU
		{D4DE9768-6956-431A-B15B-EFB334EFCC83}.Debug|Any CPU.ActiveCfg = Debug|Any CPU
		{D4DE9768-6956-431A-B15B-EFB334EFCC83}.Debug|Any CPU.Build.0 = Debug|Any CPU
		{D4DE9768-6956-431A-B15B-EFB334EFCC83}.Release|Any CPU.ActiveCfg = Release|Any CPU
		{D4DE9768-6956-431A-B15B-EFB334EFCC83}.Release|Any CPU.Build.0 = Release|Any CPU
		{16670023-825D-431A-B80C-A69C57B2C334}.Debug|Any CPU.ActiveCfg = Debug|Any CPU
		{16670023-825D-431A-B80C-A69C57B2C334}.Debug|Any CPU.Build.0 = Debug|Any CPU
		{16670023-825D-431A-B80C-A69C57B2C334}.Release|Any CPU.ActiveCfg = Release|Any CPU
		{16670023-825D-431A-B80C-A69C57B2C334}.Release|Any CPU.Build.0 = Release|Any CPU
		{8009F734-7483-4EF7-917E-2987A44683E6}.Debug|Any CPU.ActiveCfg = Debug|Any CPU
		{8009F734-7483-4EF7-917E-2987A44683E6}.Debug|Any CPU.Build.0 = Debug|Any CPU
		{8009F734-7483-4EF7-917E-2987A44683E6}.Release|Any CPU.ActiveCfg = Release|Any CPU
		{8009F734-7483-4EF7-917E-2987A44683E6}.Release|Any CPU.Build.0 = Release|Any CPU
		{260EF1C7-D740-4AF8-B812-33125E95FDC7}.Debug|Any CPU.ActiveCfg = Debug|Any CPU
		{260EF1C7-D740-4AF8-B812-33125E95FDC7}.Debug|Any CPU.Build.0 = Debug|Any CPU
		{260EF1C7-D740-4AF8-B812-33125E95FDC7}.Release|Any CPU.ActiveCfg = Release|Any CPU
		{260EF1C7-D740-4AF8-B812-33125E95FDC7}.Release|Any CPU.Build.0 = Release|Any CPU
		{544B2BF8-1B32-4C2B-BDAC-FB40B1C47EE3}.Debug|Any CPU.ActiveCfg = Debug|Any CPU
		{544B2BF8-1B32-4C2B-BDAC-FB40B1C47EE3}.Debug|Any CPU.Build.0 = Debug|Any CPU
		{544B2BF8-1B32-4C2B-BDAC-FB40B1C47EE3}.Release|Any CPU.ActiveCfg = Release|Any CPU
		{544B2BF8-1B32-4C2B-BDAC-FB40B1C47EE3}.Release|Any CPU.Build.0 = Release|Any CPU
		{5291A1B4-8BA1-41F0-AB3C-D7B5001FCA96}.Debug|Any CPU.ActiveCfg = Debug|Any CPU
		{5291A1B4-8BA1-41F0-AB3C-D7B5001FCA96}.Debug|Any CPU.Build.0 = Debug|Any CPU
		{5291A1B4-8BA1-41F0-AB3C-D7B5001FCA96}.Release|Any CPU.ActiveCfg = Release|Any CPU
		{5291A1B4-8BA1-41F0-AB3C-D7B5001FCA96}.Release|Any CPU.Build.0 = Release|Any CPU
		{B91DF255-5919-46BD-87E3-A240A7BC5BED}.Debug|Any CPU.ActiveCfg = Debug|Any CPU
		{B91DF255-5919-46BD-87E3-A240A7BC5BED}.Debug|Any CPU.Build.0 = Debug|Any CPU
		{B91DF255-5919-46BD-87E3-A240A7BC5BED}.Release|Any CPU.ActiveCfg = Release|Any CPU
		{B91DF255-5919-46BD-87E3-A240A7BC5BED}.Release|Any CPU.Build.0 = Release|Any CPU
		{AB0F7483-E6AF-4172-8804-F46105F9E39E}.Debug|Any CPU.ActiveCfg = Debug|Any CPU
		{AB0F7483-E6AF-4172-8804-F46105F9E39E}.Debug|Any CPU.Build.0 = Debug|Any CPU
		{AB0F7483-E6AF-4172-8804-F46105F9E39E}.Release|Any CPU.ActiveCfg = Release|Any CPU
		{AB0F7483-E6AF-4172-8804-F46105F9E39E}.Release|Any CPU.Build.0 = Release|Any CPU
	EndGlobalSection
	GlobalSection(SolutionProperties) = preSolution
		HideSolutionNode = FALSE
	EndGlobalSection
	GlobalSection(NestedProjects) = preSolution
		{3870C648-4AEA-4B85-BA3F-F2F63B96136A} = {AFAA0841-BD93-466F-B8F4-FB4EEC86F1FC}
		{E0580562-F8F2-4EBB-B07A-ABFC6F2C314F} = {AFAA0841-BD93-466F-B8F4-FB4EEC86F1FC}
		{C6FA13E6-5535-44DA-A157-F8C3C46769A0} = {AFAA0841-BD93-466F-B8F4-FB4EEC86F1FC}
		{032CC8F8-8C9F-43C6-A15A-7A11B31B0236} = {F10AA149-2626-486E-85BB-9CD5365F3016}
		{0417D8AF-5B38-49E0-9A00-A76963EE25D3} = {AFAA0841-BD93-466F-B8F4-FB4EEC86F1FC}
		{CC0B8F51-EB4D-46B3-9109-B2720FB147AF} = {AFAA0841-BD93-466F-B8F4-FB4EEC86F1FC}
		{50F1D80E-3C12-4C83-A646-266D39C9E8BA} = {AFAA0841-BD93-466F-B8F4-FB4EEC86F1FC}
		{E708E1A9-98EE-445C-8D2D-1BD60FD2B165} = {A43FE288-F651-4F45-8468-6ADA1D523EE9}
		{567A1B2E-3CD8-4D90-88E6-C5069859F807} = {A43FE288-F651-4F45-8468-6ADA1D523EE9}
		{D4DE9768-6956-431A-B15B-EFB334EFCC83} = {A43FE288-F651-4F45-8468-6ADA1D523EE9}
		{16670023-825D-431A-B80C-A69C57B2C334} = {A43FE288-F651-4F45-8468-6ADA1D523EE9}
		{8009F734-7483-4EF7-917E-2987A44683E6} = {A43FE288-F651-4F45-8468-6ADA1D523EE9}
		{260EF1C7-D740-4AF8-B812-33125E95FDC7} = {A43FE288-F651-4F45-8468-6ADA1D523EE9}
		{544B2BF8-1B32-4C2B-BDAC-FB40B1C47EE3} = {A43FE288-F651-4F45-8468-6ADA1D523EE9}
		{5291A1B4-8BA1-41F0-AB3C-D7B5001FCA96} = {A43FE288-F651-4F45-8468-6ADA1D523EE9}
		{B91DF255-5919-46BD-87E3-A240A7BC5BED} = {A43FE288-F651-4F45-8468-6ADA1D523EE9}
		{AB0F7483-E6AF-4172-8804-F46105F9E39E} = {A43FE288-F651-4F45-8468-6ADA1D523EE9}
	EndGlobalSection
	GlobalSection(ExtensibilityGlobals) = postSolution
		SolutionGuid = {BCE19977-D972-4B7F-9F12-3927D25225CA}
	EndGlobalSection
EndGlobal
